
Microsoft Visual Studio Solution File, Format Version 12.00
# Visual Studio 15
VisualStudioVersion = 15.0.27703.2042
MinimumVisualStudioVersion = 10.0.40219.1
Project("{FAE04EC0-301F-11D3-BF4B-00C04F79EFBC}") = "MergeSort", "MergeSort\MergeSort.csproj", "{379EFBD8-F034-420F-8053-89D2EAD07C70}"
EndProject
Global
	GlobalSection(SolutionConfigurationPlatforms) = preSolution
		Debug|Any CPU = Debug|Any CPU
		Release|Any CPU = Release|Any CPU
	EndGlobalSection
	GlobalSection(ProjectConfigurationPlatforms) = postSolution
		{379EFBD8-F034-420F-8053-89D2EAD07C70}.Debug|Any CPU.ActiveCfg = Debug|Any CPU
		{379EFBD8-F034-420F-8053-89D2EAD07C70}.Debug|Any CPU.Build.0 = Debug|Any CPU
		{379EFBD8-F034-420F-8053-89D2EAD07C70}.Release|Any CPU.ActiveCfg = Release|Any CPU
		{379EFBD8-F034-420F-8053-89D2EAD07C70}.Release|Any CPU.Build.0 = Release|Any CPU
	EndGlobalSection
	GlobalSection(SolutionProperties) = preSolution
		HideSolutionNode = FALSE
	EndGlobalSection
	GlobalSection(ExtensibilityGlobals) = postSolution
		SolutionGuid = {61324239-2DD0-4E2F-9026-16886E30AAE9}
	EndGlobalSection
EndGlobal
