
Microsoft Visual Studio Solution File, Format Version 12.00
# Visual Studio 15
VisualStudioVersion = 15.0.27703.2042
MinimumVisualStudioVersion = 10.0.40219.1
Project("{FAE04EC0-301F-11D3-BF4B-00C04F79EFBC}") = "CountingSort", "CountingSort\CountingSort.csproj", "{B9A73E76-79CD-4AB1-8C1B-A2A67AA5CB34}"
EndProject
Global
	GlobalSection(SolutionConfigurationPlatforms) = preSolution
		Debug|Any CPU = Debug|Any CPU
		Release|Any CPU = Release|Any CPU
	EndGlobalSection
	GlobalSection(ProjectConfigurationPlatforms) = postSolution
		{B9A73E76-79CD-4AB1-8C1B-A2A67AA5CB34}.Debug|Any CPU.ActiveCfg = Debug|Any CPU
		{B9A73E76-79CD-4AB1-8C1B-A2A67AA5CB34}.Debug|Any CPU.Build.0 = Debug|Any CPU
		{B9A73E76-79CD-4AB1-8C1B-A2A67AA5CB34}.Release|Any CPU.ActiveCfg = Release|Any CPU
		{B9A73E76-79CD-4AB1-8C1B-A2A67AA5CB34}.Release|Any CPU.Build.0 = Release|Any CPU
	EndGlobalSection
	GlobalSection(SolutionProperties) = preSolution
		HideSolutionNode = FALSE
	EndGlobalSection
	GlobalSection(ExtensibilityGlobals) = postSolution
		SolutionGuid = {291FA038-46CA-4EE4-8BCA-DD27ED6AB5B0}
	EndGlobalSection
EndGlobal
